
Microsoft Visual Studio Solution File, Format Version 12.00
# Visual Studio Version 16
VisualStudioVersion = 16.0.29102.190
MinimumVisualStudioVersion = 10.0.40219.1
Project("{FAE04EC0-301F-11D3-BF4B-00C04F79EFBC}") = "HardwareServices", "HardwareServices.csproj", "{707C8244-40F1-46C7-A687-A5005F3602E6}"
EndProject
Project("{FAE04EC0-301F-11D3-BF4B-00C04F79EFBC}") = "HardwareGUI", "..\HardwareGUI\HardwareGUI.csproj", "{0D70D087-D67F-411A-A03A-13B78B07610E}"
EndProject
Global
	GlobalSection(SolutionConfigurationPlatforms) = preSolution
		Debug|Any CPU = Debug|Any CPU
		Release|Any CPU = Release|Any CPU
	EndGlobalSection
	GlobalSection(ProjectConfigurationPlatforms) = postSolution
		{707C8244-40F1-46C7-A687-A5005F3602E6}.Debug|Any CPU.ActiveCfg = Debug|Any CPU
		{707C8244-40F1-46C7-A687-A5005F3602E6}.Debug|Any CPU.Build.0 = Debug|Any CPU
		{707C8244-40F1-46C7-A687-A5005F3602E6}.Release|Any CPU.ActiveCfg = Release|Any CPU
		{707C8244-40F1-46C7-A687-A5005F3602E6}.Release|Any CPU.Build.0 = Release|Any CPU
		{0D70D087-D67F-411A-A03A-13B78B07610E}.Debug|Any CPU.ActiveCfg = Debug|Any CPU
		{0D70D087-D67F-411A-A03A-13B78B07610E}.Debug|Any CPU.Build.0 = Debug|Any CPU
		{0D70D087-D67F-411A-A03A-13B78B07610E}.Release|Any CPU.ActiveCfg = Release|Any CPU
		{0D70D087-D67F-411A-A03A-13B78B07610E}.Release|Any CPU.Build.0 = Release|Any CPU
	EndGlobalSection
	GlobalSection(SolutionProperties) = preSolution
		HideSolutionNode = FALSE
	EndGlobalSection
	GlobalSection(ExtensibilityGlobals) = postSolution
		SolutionGuid = {CB9451C0-81AD-4100-B0AF-C96A3933FC17}
	EndGlobalSection
EndGlobal
